// !$*UTF8*$!
{
	archiveVersion = 1;
	classes = {
	};
	objectVersion = 46;
	objects = {

/* Begin PBXBuildFile section */
		2311DBBE1F6FBF34000A7200 /* AppDelegate.swift in Sources */ = {isa = PBXBuildFile; fileRef = 2311DBBD1F6FBF34000A7200 /* AppDelegate.swift */; };
		2311DBC01F6FBF34000A7200 /* ViewController.swift in Sources */ = {isa = PBXBuildFile; fileRef = 2311DBBF1F6FBF34000A7200 /* ViewController.swift */; };
		2311DBC31F6FBF34000A7200 /* Main.storyboard in Resources */ = {isa = PBXBuildFile; fileRef = 2311DBC11F6FBF34000A7200 /* Main.storyboard */; };
		2311DBC51F6FBF34000A7200 /* Assets.xcassets in Resources */ = {isa = PBXBuildFile; fileRef = 2311DBC41F6FBF34000A7200 /* Assets.xcassets */; };
		2311DBC81F6FBF34000A7200 /* LaunchScreen.storyboard in Resources */ = {isa = PBXBuildFile; fileRef = 2311DBC61F6FBF34000A7200 /* LaunchScreen.storyboard */; };
		2311DBD01F6FC06C000A7200 /* Podfile in Resources */ = {isa = PBXBuildFile; fileRef = 2311DBCF1F6FC06C000A7200 /* Podfile */; };
		FAF5AE10230EA38E9A1E1F5C /* Pods_MultipleLocationRoutes.framework in Frameworks */ = {isa = PBXBuildFile; fileRef = A01C03E453A02B6AA70B90F9 /* Pods_MultipleLocationRoutes.framework */; };
/* End PBXBuildFile section */

/* Begin PBXFileReference section */
		2311DBBA1F6FBF34000A7200 /* MultipleLocationRoutes.app */ = {isa = PBXFileReference; explicitFileType = wrapper.application; includeInIndex = 0; path = MultipleLocationRoutes.app; sourceTree = BUILT_PRODUCTS_DIR; };
		2311DBBD1F6FBF34000A7200 /* AppDelegate.swift */ = {isa = PBXFileReference; lastKnownFileType = sourcecode.swift; path = AppDelegate.swift; sourceTree = "<group>"; };
		2311DBBF1F6FBF34000A7200 /* ViewController.swift */ = {isa = PBXFileReference; lastKnownFileType = sourcecode.swift; path = ViewController.swift; sourceTree = "<group>"; };
		2311DBC21F6FBF34000A7200 /* Base */ = {isa = PBXFileReference; lastKnownFileType = file.storyboard; name = Base; path = Base.lproj/Main.storyboard; sourceTree = "<group>"; };
		2311DBC41F6FBF34000A7200 /* Assets.xcassets */ = {isa = PBXFileReference; lastKnownFileType = folder.assetcatalog; path = Assets.xcassets; sourceTree = "<group>"; };
		2311DBC71F6FBF34000A7200 /* Base */ = {isa = PBXFileReference; lastKnownFileType = file.storyboard; name = Base; path = Base.lproj/LaunchScreen.storyboard; sourceTree = "<group>"; };
		2311DBC91F6FBF34000A7200 /* Info.plist */ = {isa = PBXFileReference; lastKnownFileType = text.plist.xml; path = Info.plist; sourceTree = "<group>"; };
		2311DBCF1F6FC06C000A7200 /* Podfile */ = {isa = PBXFileReference; fileEncoding = 4; lastKnownFileType = text; path = Podfile; sourceTree = "<group>"; };
		96074B6D3894718D9C8AF022 /* Pods-MultipleLocationRoutes.debug.xcconfig */ = {isa = PBXFileReference; includeInIndex = 1; lastKnownFileType = text.xcconfig; name = "Pods-MultipleLocationRoutes.debug.xcconfig"; path = "Pods/Target Support Files/Pods-MultipleLocationRoutes/Pods-MultipleLocationRoutes.debug.xcconfig"; sourceTree = "<group>"; };
		A01C03E453A02B6AA70B90F9 /* Pods_MultipleLocationRoutes.framework */ = {isa = PBXFileReference; explicitFileType = wrapper.framework; includeInIndex = 0; path = Pods_MultipleLocationRoutes.framework; sourceTree = BUILT_PRODUCTS_DIR; };
		EA61F72B3971D405D75FB3F4 /* Pods-MultipleLocationRoutes.release.xcconfig */ = {isa = PBXFileReference; includeInIndex = 1; lastKnownFileType = text.xcconfig; name = "Pods-MultipleLocationRoutes.release.xcconfig"; path = "Pods/Target Support Files/Pods-MultipleLocationRoutes/Pods-MultipleLocationRoutes.release.xcconfig"; sourceTree = "<group>"; };
/* End PBXFileReference section */

/* Begin PBXFrameworksBuildPhase section */
		2311DBB71F6FBF34000A7200 /* Frameworks */ = {
			isa = PBXFrameworksBuildPhase;
			buildActionMask = 2147483647;
			files = (
				FAF5AE10230EA38E9A1E1F5C /* Pods_MultipleLocationRoutes.framework in Frameworks */,
			);
			runOnlyForDeploymentPostprocessing = 0;
		};
/* End PBXFrameworksBuildPhase section */

/* Begin PBXGroup section */
		2311DBB11F6FBF34000A7200 = {
			isa = PBXGroup;
			children = (
				2311DBCF1F6FC06C000A7200 /* Podfile */,
				2311DBBC1F6FBF34000A7200 /* MultipleLocationRoutes */,
				2311DBBB1F6FBF34000A7200 /* Products */,
				4B967EA2D2AA808023CE2DDB /* Pods */,
				895922A3A39DEAED9FD812E8 /* Frameworks */,
			);
			sourceTree = "<group>";
		};
		2311DBBB1F6FBF34000A7200 /* Products */ = {
			isa = PBXGroup;
			children = (
				2311DBBA1F6FBF34000A7200 /* MultipleLocationRoutes.app */,
			);
			name = Products;
			sourceTree = "<group>";
		};
		2311DBBC1F6FBF34000A7200 /* MultipleLocationRoutes */ = {
			isa = PBXGroup;
			children = (
				2311DBBD1F6FBF34000A7200 /* AppDelegate.swift */,
				2311DBBF1F6FBF34000A7200 /* ViewController.swift */,
				2311DBC11F6FBF34000A7200 /* Main.storyboard */,
				2311DBC41F6FBF34000A7200 /* Assets.xcassets */,
				2311DBC61F6FBF34000A7200 /* LaunchScreen.storyboard */,
				2311DBC91F6FBF34000A7200 /* Info.plist */,
			);
			path = MultipleLocationRoutes;
			sourceTree = "<group>";
		};
		4B967EA2D2AA808023CE2DDB /* Pods */ = {
			isa = PBXGroup;
			children = (
				96074B6D3894718D9C8AF022 /* Pods-MultipleLocationRoutes.debug.xcconfig */,
				EA61F72B3971D405D75FB3F4 /* Pods-MultipleLocationRoutes.release.xcconfig */,
			);
			name = Pods;
			sourceTree = "<group>";
		};
		895922A3A39DEAED9FD812E8 /* Frameworks */ = {
			isa = PBXGroup;
			children = (
				A01C03E453A02B6AA70B90F9 /* Pods_MultipleLocationRoutes.framework */,
			);
			name = Frameworks;
			sourceTree = "<group>";
		};
/* End PBXGroup section */

/* Begin PBXNativeTarget section */
		2311DBB91F6FBF34000A7200 /* MultipleLocationRoutes */ = {
			isa = PBXNativeTarget;
			buildConfigurationList = 2311DBCC1F6FBF34000A7200 /* Build configuration list for PBXNativeTarget "MultipleLocationRoutes" */;
			buildPhases = (
				CCA979541ACAC267AF93D7F8 /* [CP] Check Pods Manifest.lock */,
				2311DBB61F6FBF34000A7200 /* Sources */,
				2311DBB71F6FBF34000A7200 /* Frameworks */,
				2311DBB81F6FBF34000A7200 /* Resources */,
				72565EF51F60BB78D3960178 /* [CP] Embed Pods Frameworks */,
				82A7D95A60B4326ECF205AD5 /* [CP] Copy Pods Resources */,
			);
			buildRules = (
			);
			dependencies = (
			);
			name = MultipleLocationRoutes;
			productName = MultipleLocationRoutes;
			productReference = 2311DBBA1F6FBF34000A7200 /* MultipleLocationRoutes.app */;
			productType = "com.apple.product-type.application";
		};
/* End PBXNativeTarget section */

/* Begin PBXProject section */
		2311DBB21F6FBF34000A7200 /* Project object */ = {
			isa = PBXProject;
			attributes = {
				LastSwiftUpdateCheck = 0830;
				LastUpgradeCheck = 0830;
				ORGANIZATIONNAME = Invision;
				TargetAttributes = {
					2311DBB91F6FBF34000A7200 = {
						CreatedOnToolsVersion = 8.3.3;
						DevelopmentTeam = 7D6Q9V2229;
						ProvisioningStyle = Automatic;
					};
				};
			};
			buildConfigurationList = 2311DBB51F6FBF34000A7200 /* Build configuration list for PBXProject "MultipleLocationRoutes" */;
			compatibilityVersion = "Xcode 3.2";
			developmentRegion = English;
			hasScannedForEncodings = 0;
			knownRegions = (
				en,
				Base,
			);
			mainGroup = 2311DBB11F6FBF34000A7200;
			productRefGroup = 2311DBBB1F6FBF34000A7200 /* Products */;
			projectDirPath = "";
			projectRoot = "";
			targets = (
				2311DBB91F6FBF34000A7200 /* MultipleLocationRoutes */,
			);
		};
/* End PBXProject section */

/* Begin PBXResourcesBuildPhase section */
		2311DBB81F6FBF34000A7200 /* Resources */ = {
			isa = PBXResourcesBuildPhase;
			buildActionMask = 2147483647;
			files = (
				2311DBC81F6FBF34000A7200 /* LaunchScreen.storyboard in Resources */,
				2311DBC51F6FBF34000A7200 /* Assets.xcassets in Resources */,
				2311DBD01F6FC06C000A7200 /* Podfile in Resources */,
				2311DBC31F6FBF34000A7200 /* Main.storyboard in Resources */,
			);
			runOnlyForDeploymentPostprocessing = 0;
		};
/* End PBXResourcesBuildPhase section */

/* Begin PBXShellScriptBuildPhase section */
		72565EF51F60BB78D3960178 /* [CP] Embed Pods Frameworks */ = {
			isa = PBXShellScriptBuildPhase;
			buildActionMask = 2147483647;
			files = (
			);
			inputPaths = (
				"${SRCROOT}/Pods/Target Support Files/Pods-MultipleLocationRoutes/Pods-MultipleLocationRoutes-frameworks.sh",
				"${BUILT_PRODUCTS_DIR}/Alamofire/Alamofire.framework",
				"${BUILT_PRODUCTS_DIR}/SwiftyJSON/SwiftyJSON.framework",
			);
			name = "[CP] Embed Pods Frameworks";
			outputPaths = (
				"${TARGET_BUILD_DIR}/${FRAMEWORKS_FOLDER_PATH}/Alamofire.framework",
				"${TARGET_BUILD_DIR}/${FRAMEWORKS_FOLDER_PATH}/SwiftyJSON.framework",
			);
			runOnlyForDeploymentPostprocessing = 0;
			shellPath = /bin/sh;
			shellScript = "\"${SRCROOT}/Pods/Target Support Files/Pods-MultipleLocationRoutes/Pods-MultipleLocationRoutes-frameworks.sh\"\n";
			showEnvVarsInLog = 0;
		};
		82A7D95A60B4326ECF205AD5 /* [CP] Copy Pods Resources */ = {
			isa = PBXShellScriptBuildPhase;
			buildActionMask = 2147483647;
			files = (
			);
			inputPaths = (
				"${SRCROOT}/Pods/Target Support Files/Pods-MultipleLocationRoutes/Pods-MultipleLocationRoutes-resources.sh",
				"${PODS_ROOT}/GoogleMaps/Maps/Frameworks/GoogleMaps.framework/Resources/GoogleMaps.bundle",
				"${PODS_ROOT}/GooglePlaces/Frameworks/GooglePlaces.framework/Resources/GooglePlaces.bundle",
			);
			name = "[CP] Copy Pods Resources";
			outputPaths = (
				"${TARGET_BUILD_DIR}/${UNLOCALIZED_RESOURCES_FOLDER_PATH}",
			);
			runOnlyForDeploymentPostprocessing = 0;
			shellPath = /bin/sh;
			shellScript = "\"${SRCROOT}/Pods/Target Support Files/Pods-MultipleLocationRoutes/Pods-MultipleLocationRoutes-resources.sh\"\n";
			showEnvVarsInLog = 0;
		};
		CCA979541ACAC267AF93D7F8 /* [CP] Check Pods Manifest.lock */ = {
			isa = PBXShellScriptBuildPhase;
			buildActionMask = 2147483647;
			files = (
			);
			inputPaths = (
				"${PODS_PODFILE_DIR_PATH}/Podfile.lock",
				"${PODS_ROOT}/Manifest.lock",
			);
			name = "[CP] Check Pods Manifest.lock";
			outputPaths = (
				"$(DERIVED_FILE_DIR)/Pods-MultipleLocationRoutes-checkManifestLockResult.txt",
			);
			runOnlyForDeploymentPostprocessing = 0;
			shellPath = /bin/sh;
			shellScript = "diff \"${PODS_PODFILE_DIR_PATH}/Podfile.lock\" \"${PODS_ROOT}/Manifest.lock\" > /dev/null\nif [ $? != 0 ] ; then\n    # print error to STDERR\n    echo \"error: The sandbox is not in sync with the Podfile.lock. Run 'pod install' or update your CocoaPods installation.\" >&2\n    exit 1\nfi\n# This output is used by Xcode 'outputs' to avoid re-running this script phase.\necho \"SUCCESS\" > \"${SCRIPT_OUTPUT_FILE_0}\"\n";
			showEnvVarsInLog = 0;
		};
/* End PBXShellScriptBuildPhase section */

/* Begin PBXSourcesBuildPhase section */
		2311DBB61F6FBF34000A7200 /* Sources */ = {
			isa = PBXSourcesBuildPhase;
			buildActionMask = 2147483647;
			files = (
				2311DBC01F6FBF34000A7200 /* ViewController.swift in Sources */,
				2311DBBE1F6FBF34000A7200 /* AppDelegate.swift in Sources */,
			);
			runOnlyForDeploymentPostprocessing = 0;
		};
/* End PBXSourcesBuildPhase section */

/* Begin PBXVariantGroup section */
		2311DBC11F6FBF34000A7200 /* Main.storyboard */ = {
			isa = PBXVariantGroup;
			children = (
				2311DBC21F6FBF34000A7200 /* Base */,
			);
			name = Main.storyboard;
			sourceTree = "<group>";
		};
		2311DBC61F6FBF34000A7200 /* LaunchScreen.storyboard */ = {
			isa = PBXVariantGroup;
			children = (
				2311DBC71F6FBF34000A7200 /* Base */,
			);
			name = LaunchScreen.storyboard;
			sourceTree = "<group>";
		};
/* End PBXVariantGroup section */

/* Begin XCBuildConfiguration section */
		2311DBCA1F6FBF34000A7200 /* Debug */ = {
			isa = XCBuildConfiguration;
			buildSettings = {
				ALWAYS_SEARCH_USER_PATHS = NO;
				CLANG_ANALYZER_NONNULL = YES;
				CLANG_ANALYZER_NUMBER_OBJECT_CONVERSION = YES_AGGRESSIVE;
				CLANG_CXX_LANGUAGE_STANDARD = "gnu++0x";
				CLANG_CXX_LIBRARY = "libc++";
				CLANG_ENABLE_MODULES = YES;
				CLANG_ENABLE_OBJC_ARC = YES;
				CLANG_WARN_BOOL_CONVERSION = YES;
				CLANG_WARN_CONSTANT_CONVERSION = YES;
				CLANG_WARN_DIRECT_OBJC_ISA_USAGE = YES_ERROR;
				CLANG_WARN_DOCUMENTATION_COMMENTS = YES;
				CLANG_WARN_EMPTY_BODY = YES;
				CLANG_WARN_ENUM_CONVERSION = YES;
				CLANG_WARN_INFINITE_RECURSION = YES;
				CLANG_WARN_INT_CONVERSION = YES;
				CLANG_WARN_OBJC_ROOT_CLASS = YES_ERROR;
				CLANG_WARN_SUSPICIOUS_MOVE = YES;
				CLANG_WARN_UNREACHABLE_CODE = YES;
				CLANG_WARN__DUPLICATE_METHOD_MATCH = YES;
				"CODE_SIGN_IDENTITY[sdk=iphoneos*]" = "iPhone Developer";
				COPY_PHASE_STRIP = NO;
				DEBUG_INFORMATION_FORMAT = dwarf;
				ENABLE_STRICT_OBJC_MSGSEND = YES;
				ENABLE_TESTABILITY = YES;
				GCC_C_LANGUAGE_STANDARD = gnu99;
				GCC_DYNAMIC_NO_PIC = NO;
				GCC_NO_COMMON_BLOCKS = YES;
				GCC_OPTIMIZATION_LEVEL = 0;
				GCC_PREPROCESSOR_DEFINITIONS = (
					"DEBUG=1",
					"$(inherited)",
				);
				GCC_WARN_64_TO_32_BIT_CONVERSION = YES;
				GCC_WARN_ABOUT_RETURN_TYPE = YES_ERROR;
				GCC_WARN_UNDECLARED_SELECTOR = YES;
				GCC_WARN_UNINITIALIZED_AUTOS = YES_AGGRESSIVE;
				GCC_WARN_UNUSED_FUNCTION = YES;
				GCC_WARN_UNUSED_VARIABLE = YES;
				IPHONEOS_DEPLOYMENT_TARGET = 10.3;
				MTL_ENABLE_DEBUG_INFO = YES;
				ONLY_ACTIVE_ARCH = YES;
				SDKROOT = iphoneos;
				SWIFT_ACTIVE_COMPILATION_CONDITIONS = DEBUG;
				SWIFT_OPTIMIZATION_LEVEL = "-Onone";
				TARGETED_DEVICE_FAMILY = "1,2";
			};
			name = Debug;
		};
		2311DBCB1F6FBF34000A7200 /* Release */ = {
			isa = XCBuildConfiguration;
			buildSettings = {
				ALWAYS_SEARCH_USER_PATHS = NO;
				CLANG_ANALYZER_NONNULL = YES;
				CLANG_ANALYZER_NUMBER_OBJECT_CONVERSION = YES_AGGRESSIVE;
				CLANG_CXX_LANGUAGE_STANDARD = "gnu++0x";
				CLANG_CXX_LIBRARY = "libc++";
				CLANG_ENABLE_MODULES = YES;
				CLANG_ENABLE_OBJC_ARC = YES;
				CLANG_WARN_BOOL_CONVERSION = YES;
				CLANG_WARN_CONSTANT_CONVERSION = YES;
				CLANG_WARN_DIRECT_OBJC_ISA_USAGE = YES_ERROR;
				CLANG_WARN_DOCUMENTATION_COMMENTS = YES;
				CLANG_WARN_EMPTY_BODY = YES;
				CLANG_WARN_ENUM_CONVERSION = YES;
				CLANG_WARN_INFINITE_RECURSION = YES;
				CLANG_WARN_INT_CONVERSION = YES;
				CLANG_WARN_OBJC_ROOT_CLASS = YES_ERROR;
				CLANG_WARN_SUSPICIOUS_MOVE = YES;
				CLANG_WARN_UNREACHABLE_CODE = YES;
				CLANG_WARN__DUPLICATE_METHOD_MATCH = YES;
				"CODE_SIGN_IDENTITY[sdk=iphoneos*]" = "iPhone Developer";
				COPY_PHASE_STRIP = NO;
				DEBUG_INFORMATION_FORMAT = "dwarf-with-dsym";
				ENABLE_NS_ASSERTIONS = NO;
				ENABLE_STRICT_OBJC_MSGSEND = YES;
				GCC_C_LANGUAGE_STANDARD = gnu99;
				GCC_NO_COMMON_BLOCKS = YES;
				GCC_WARN_64_TO_32_BIT_CONVERSION = YES;
				GCC_WARN_ABOUT_RETURN_TYPE = YES_ERROR;
				GCC_WARN_UNDECLARED_SELECTOR = YES;
				GCC_WARN_UNINITIALIZED_AUTOS = YES_AGGRESSIVE;
				GCC_WARN_UNUSED_FUNCTION = YES;
				GCC_WARN_UNUSED_VARIABLE = YES;
				IPHONEOS_DEPLOYMENT_TARGET = 10.3;
				MTL_ENABLE_DEBUG_INFO = NO;
				SDKROOT = iphoneos;
				SWIFT_OPTIMIZATION_LEVEL = "-Owholemodule";
				TARGETED_DEVICE_FAMILY = "1,2";
				VALIDATE_PRODUCT = YES;
			};
			name = Release;
		};
		2311DBCD1F6FBF34000A7200 /* Debug */ = {
			isa = XCBuildConfiguration;
			baseConfigurationReference = 96074B6D3894718D9C8AF022 /* Pods-MultipleLocationRoutes.debug.xcconfig */;
			buildSettings = {
				ASSETCATALOG_COMPILER_APPICON_NAME = AppIcon;
				DEVELOPMENT_TEAM = 7D6Q9V2229;
				INFOPLIST_FILE = MultipleLocationRoutes/Info.plist;
				LD_RUNPATH_SEARCH_PATHS = "$(inherited) @executable_path/Frameworks";
				PRODUCT_BUNDLE_IDENTIFIER = invision.MultipleLocationRoutes;
				PRODUCT_NAME = "$(TARGET_NAME)";
				SWIFT_VERSION = 3.0;
			};
			name = Debug;
		};
		2311DBCE1F6FBF34000A7200 /* Release */ = {
			isa = XCBuildConfiguration;
			baseConfigurationReference = EA61F72B3971D405D75FB3F4 /* Pods-MultipleLocationRoutes.release.xcconfig */;
			buildSettings = {
				ASSETCATALOG_COMPILER_APPICON_NAME = AppIcon;
				DEVELOPMENT_TEAM = 7D6Q9V2229;
				INFOPLIST_FILE = MultipleLocationRoutes/Info.plist;
				LD_RUNPATH_SEARCH_PATHS = "$(inherited) @executable_path/Frameworks";
				PRODUCT_BUNDLE_IDENTIFIER = invision.MultipleLocationRoutes;
				PRODUCT_NAME = "$(TARGET_NAME)";
				SWIFT_VERSION = 3.0;
			};
			name = Release;
		};
/* End XCBuildConfiguration section */

/* Begin XCConfigurationList section */
		2311DBB51F6FBF34000A7200 /* Build configuration list for PBXProject "MultipleLocationRoutes" */ = {
			isa = XCConfigurationList;
			buildConfigurations = (
				2311DBCA1F6FBF34000A7200 /* Debug */,
				2311DBCB1F6FBF34000A7200 /* Release */,
			);
			defaultConfigurationIsVisible = 0;
			defaultConfigurationName = Release;
		};
		2311DBCC1F6FBF34000A7200 /* Build configuration list for PBXNativeTarget "MultipleLocationRoutes" */ = {
			isa = XCConfigurationList;
			buildConfigurations = (
				2311DBCD1F6FBF34000A7200 /* Debug */,
				2311DBCE1F6FBF34000A7200 /* Release */,
			);
			defaultConfigurationIsVisible = 0;
		};
/* End XCConfigurationList section */
	};
	rootObject = 2311DBB21F6FBF34000A7200 /* Project object */;
}
